
Microsoft Visual Studio Solution File, Format Version 12.00
# Visual Studio Version 16
VisualStudioVersion = 16.0.30804.86
MinimumVisualStudioVersion = 10.0.40219.1
Project("{9A19103F-16F7-4668-BE54-9A1E7A4F7556}") = "MainApp", "MainApp\MainApp.csproj", "{BBB69D4B-44A8-45ED-9F1E-F4F4E1829EB2}"
EndProject
Project("{9A19103F-16F7-4668-BE54-9A1E7A4F7556}") = "Security", "DBSecurity\Security.csproj", "{AD1F8BD9-DF20-43C0-B561-7D7D1B4CA53C}"
EndProject
Project("{9A19103F-16F7-4668-BE54-9A1E7A4F7556}") = "BL", "BL.K4A\BL.csproj", "{D8E4C9E7-70DA-4183-92DC-0EA40D7D60A6}"
EndProject
Global
	GlobalSection(SolutionConfigurationPlatforms) = preSolution
		Debug|Any CPU = Debug|Any CPU
		Release|Any CPU = Release|Any CPU
	EndGlobalSection
	GlobalSection(ProjectConfigurationPlatforms) = postSolution
		{BBB69D4B-44A8-45ED-9F1E-F4F4E1829EB2}.Debug|Any CPU.ActiveCfg = Debug|Any CPU
		{BBB69D4B-44A8-45ED-9F1E-F4F4E1829EB2}.Debug|Any CPU.Build.0 = Debug|Any CPU
		{BBB69D4B-44A8-45ED-9F1E-F4F4E1829EB2}.Release|Any CPU.ActiveCfg = Release|Any CPU
		{BBB69D4B-44A8-45ED-9F1E-F4F4E1829EB2}.Release|Any CPU.Build.0 = Release|Any CPU
		{AD1F8BD9-DF20-43C0-B561-7D7D1B4CA53C}.Debug|Any CPU.ActiveCfg = Debug|Any CPU
		{AD1F8BD9-DF20-43C0-B561-7D7D1B4CA53C}.Debug|Any CPU.Build.0 = Debug|Any CPU
		{AD1F8BD9-DF20-43C0-B561-7D7D1B4CA53C}.Release|Any CPU.ActiveCfg = Release|Any CPU
		{AD1F8BD9-DF20-43C0-B561-7D7D1B4CA53C}.Release|Any CPU.Build.0 = Release|Any CPU
		{D8E4C9E7-70DA-4183-92DC-0EA40D7D60A6}.Debug|Any CPU.ActiveCfg = Debug|Any CPU
		{D8E4C9E7-70DA-4183-92DC-0EA40D7D60A6}.Debug|Any CPU.Build.0 = Debug|Any CPU
		{D8E4C9E7-70DA-4183-92DC-0EA40D7D60A6}.Release|Any CPU.ActiveCfg = Release|Any CPU
		{D8E4C9E7-70DA-4183-92DC-0EA40D7D60A6}.Release|Any CPU.Build.0 = Release|Any CPU
	EndGlobalSection
	GlobalSection(SolutionProperties) = preSolution
		HideSolutionNode = FALSE
	EndGlobalSection
	GlobalSection(ExtensibilityGlobals) = postSolution
		SolutionGuid = {6DD7B4DA-A829-40B2-83AC-5F8B0CAAF5DE}
	EndGlobalSection
EndGlobal
